
Microsoft Visual Studio Solution File, Format Version 12.00
# Visual Studio Version 17
VisualStudioVersion = 17.14.36414.22
MinimumVisualStudioVersion = 10.0.40219.1
Project("{FAE04EC0-301F-11D3-BF4B-00C04F79EFBC}") = "ModernResturantSystem", "ModernResturantSystem.csproj", "{4A049824-1746-4C78-9356-13E2C70D3DA9}"
EndProject
Project("{FAE04EC0-301F-11D3-BF4B-00C04F79EFBC}") = "GolobalClasses", "..\ReturantGolobalClasses\GolobalClasses.csproj", "{7C0105EE-1C3D-4E20-A501-FC369A250CA0}"
EndProject
Project("{FAE04EC0-301F-11D3-BF4B-00C04F79EFBC}") = "DataAccess", "..\DataAccess\DataAccess.csproj", "{2AEAF071-8825-4EC9-A32C-915B130BE9FB}"
EndProject
Project("{FAE04EC0-301F-11D3-BF4B-00C04F79EFBC}") = "Bussiness", "..\Bussiness\Bussiness.csproj", "{F63414BD-44F2-478A-8D44-E61DF4E67DF9}"
EndProject
Global
	GlobalSection(SolutionConfigurationPlatforms) = preSolution
		Debug|Any CPU = Debug|Any CPU
		Release|Any CPU = Release|Any CPU
	EndGlobalSection
	GlobalSection(ProjectConfigurationPlatforms) = postSolution
		{4A049824-1746-4C78-9356-13E2C70D3DA9}.Debug|Any CPU.ActiveCfg = Debug|Any CPU
		{4A049824-1746-4C78-9356-13E2C70D3DA9}.Debug|Any CPU.Build.0 = Debug|Any CPU
		{4A049824-1746-4C78-9356-13E2C70D3DA9}.Release|Any CPU.ActiveCfg = Release|Any CPU
		{4A049824-1746-4C78-9356-13E2C70D3DA9}.Release|Any CPU.Build.0 = Release|Any CPU
		{7C0105EE-1C3D-4E20-A501-FC369A250CA0}.Debug|Any CPU.ActiveCfg = Debug|Any CPU
		{7C0105EE-1C3D-4E20-A501-FC369A250CA0}.Debug|Any CPU.Build.0 = Debug|Any CPU
		{7C0105EE-1C3D-4E20-A501-FC369A250CA0}.Release|Any CPU.ActiveCfg = Release|Any CPU
		{7C0105EE-1C3D-4E20-A501-FC369A250CA0}.Release|Any CPU.Build.0 = Release|Any CPU
		{2AEAF071-8825-4EC9-A32C-915B130BE9FB}.Debug|Any CPU.ActiveCfg = Debug|Any CPU
		{2AEAF071-8825-4EC9-A32C-915B130BE9FB}.Debug|Any CPU.Build.0 = Debug|Any CPU
		{2AEAF071-8825-4EC9-A32C-915B130BE9FB}.Release|Any CPU.ActiveCfg = Release|Any CPU
		{2AEAF071-8825-4EC9-A32C-915B130BE9FB}.Release|Any CPU.Build.0 = Release|Any CPU
		{F63414BD-44F2-478A-8D44-E61DF4E67DF9}.Debug|Any CPU.ActiveCfg = Debug|Any CPU
		{F63414BD-44F2-478A-8D44-E61DF4E67DF9}.Debug|Any CPU.Build.0 = Debug|Any CPU
		{F63414BD-44F2-478A-8D44-E61DF4E67DF9}.Release|Any CPU.ActiveCfg = Release|Any CPU
		{F63414BD-44F2-478A-8D44-E61DF4E67DF9}.Release|Any CPU.Build.0 = Release|Any CPU
	EndGlobalSection
	GlobalSection(SolutionProperties) = preSolution
		HideSolutionNode = FALSE
	EndGlobalSection
	GlobalSection(ExtensibilityGlobals) = postSolution
		SolutionGuid = {AA4285DE-D8B4-484F-A424-0F89DAC7B2F3}
	EndGlobalSection
EndGlobal
